
Microsoft Visual Studio Solution File, Format Version 12.00
# Visual Studio 15
VisualStudioVersion = 15.0.26730.16
MinimumVisualStudioVersion = 10.0.40219.1
Project("{FAE04EC0-301F-11D3-BF4B-00C04F79EFBC}") = "SysPark", "SysPark\SysPark.csproj", "{7A3907B0-3BE0-4C64-8854-B9C65E948C4C}"
EndProject
Global
	GlobalSection(SolutionConfigurationPlatforms) = preSolution
		Debug|Any CPU = Debug|Any CPU
		Release|Any CPU = Release|Any CPU
	EndGlobalSection
	GlobalSection(ProjectConfigurationPlatforms) = postSolution
		{7A3907B0-3BE0-4C64-8854-B9C65E948C4C}.Debug|Any CPU.ActiveCfg = Debug|Any CPU
		{7A3907B0-3BE0-4C64-8854-B9C65E948C4C}.Debug|Any CPU.Build.0 = Debug|Any CPU
		{7A3907B0-3BE0-4C64-8854-B9C65E948C4C}.Release|Any CPU.ActiveCfg = Release|Any CPU
		{7A3907B0-3BE0-4C64-8854-B9C65E948C4C}.Release|Any CPU.Build.0 = Release|Any CPU
	EndGlobalSection
	GlobalSection(SolutionProperties) = preSolution
		HideSolutionNode = FALSE
	EndGlobalSection
	GlobalSection(ExtensibilityGlobals) = postSolution
		SolutionGuid = {5E482562-4B88-4E19-8876-044198601275}
	EndGlobalSection
EndGlobal
